// !$*UTF8*$!
{
	archiveVersion = 1;
	classes = {
	};
	objectVersion = 46;
	objects = {

/* Begin PBXBuildFile section */
		050D9F831CE5FF1000250591 /* LLBorderlessWindow.m in Sources */ = {isa = PBXBuildFile; fileRef = 050D9F821CE5FF1000250591 /* LLBorderlessWindow.m */; };
		100FA3EC1D51DC6C000F1C1C /* powermgr.py in Resources */ = {isa = PBXBuildFile; fileRef = 100FA3EB1D51DC6C000F1C1C /* powermgr.py */; };
		10DA31C31D92963A00969112 /* se.gu.it.LoginLog.login.plist in Resources */ = {isa = PBXBuildFile; fileRef = 10DA31C21D92963A00969112 /* se.gu.it.LoginLog.login.plist */; };
		76FB045D2229F73D00923881 /* reload.png in Resources */ = {isa = PBXBuildFile; fileRef = 76FB045C2229F73D00923881 /* reload.png */; };
		C06979C21AE83F3500914535 /* gurl.py in Resources */ = {isa = PBXBuildFile; fileRef = C06979C11AE83F3500914535 /* gurl.py */; };
		C0D0AB191F8C36FC001B1CF3 /* osinstall.py in Resources */ = {isa = PBXBuildFile; fileRef = C0D0AB181F8C36FC001B1CF3 /* osinstall.py */; };
		C0D0AB1D1F8C3D03001B1CF3 /* ptyexec in Resources */ = {isa = PBXBuildFile; fileRef = C0D0AB1C1F8C3D03001B1CF3 /* ptyexec */; };
		C0D521AB2111184F00DB296F /* Python.framework in Frameworks */ = {isa = PBXBuildFile; fileRef = C0D521AA2111184F00DB296F /* Python.framework */; };
		C0D521AD2111198100DB296F /* Python.framework in CopyFiles */ = {isa = PBXBuildFile; fileRef = C0D521AA2111184F00DB296F /* Python.framework */; settings = {ATTRIBUTES = (RemoveHeadersOnCopy, ); }; };
		FC21F1741C6235DA0039D923 /* localize.sh in Resources */ = {isa = PBXBuildFile; fileRef = FC21F1731C6235DA0039D923 /* localize.sh */; };
		FC98DA231AD6B2DC00F90405 /* com.grahamgilbert.imagr-first-boot-pkg.plist in Resources */ = {isa = PBXBuildFile; fileRef = FC98DA1F1AD6B2DC00F90405 /* com.grahamgilbert.imagr-first-boot-pkg.plist */; };
		FC98DA241AD6B2DC00F90405 /* first-boot in Resources */ = {isa = PBXBuildFile; fileRef = FC98DA201AD6B2DC00F90405 /* first-boot */; };
		FC98DA251AD6B2DC00F90405 /* LoginLog.app in Resources */ = {isa = PBXBuildFile; fileRef = FC98DA211AD6B2DC00F90405 /* LoginLog.app */; };
		FC98DA261AD6B2DC00F90405 /* se.gu.it.LoginLog.plist in Resources */ = {isa = PBXBuildFile; fileRef = FC98DA221AD6B2DC00F90405 /* se.gu.it.LoginLog.plist */; };
		FCEA80AF1AD0101100DBA039 /* Cocoa.framework in Frameworks */ = {isa = PBXBuildFile; fileRef = FCEA80AE1AD0101100DBA039 /* Cocoa.framework */; };
		FCEA80B81AD0101100DBA039 /* main.m in Sources */ = {isa = PBXBuildFile; fileRef = FCEA80B71AD0101100DBA039 /* main.m */; };
		FCEA80BB1AD0101100DBA039 /* Credits.rtf in Resources */ = {isa = PBXBuildFile; fileRef = FCEA80B91AD0101100DBA039 /* Credits.rtf */; };
		FCEA80C01AD0101100DBA039 /* main.py in Resources */ = {isa = PBXBuildFile; fileRef = FCEA80BF1AD0101100DBA039 /* main.py */; };
		FCEA80C21AD0101100DBA039 /* AppDelegate.py in Resources */ = {isa = PBXBuildFile; fileRef = FCEA80C11AD0101100DBA039 /* AppDelegate.py */; };
		FCEA80C51AD0101100DBA039 /* MainMenu.xib in Resources */ = {isa = PBXBuildFile; fileRef = FCEA80C31AD0101100DBA039 /* MainMenu.xib */; };
		FCEA80C71AD0101100DBA039 /* Images.xcassets in Resources */ = {isa = PBXBuildFile; fileRef = FCEA80C61AD0101100DBA039 /* Images.xcassets */; };
		FCEA80CE1AD0108B00DBA039 /* NetBootVolume.icns in Resources */ = {isa = PBXBuildFile; fileRef = FCEA80CD1AD0108B00DBA039 /* NetBootVolume.icns */; };
		FCEA80D01AD010D100DBA039 /* MainController.py in Resources */ = {isa = PBXBuildFile; fileRef = FCEA80CF1AD010D100DBA039 /* MainController.py */; };
		FCEA80D21AD0110A00DBA039 /* FoundationPlist.py in Resources */ = {isa = PBXBuildFile; fileRef = FCEA80D11AD0110A00DBA039 /* FoundationPlist.py */; };
		FCEA80EF1AD018E500DBA039 /* __init__.py in Resources */ = {isa = PBXBuildFile; fileRef = FCEA80D41AD018E500DBA039 /* __init__.py */; };
		FCEA80F01AD018E500DBA039 /* airport.py in Resources */ = {isa = PBXBuildFile; fileRef = FCEA80D51AD018E500DBA039 /* airport.py */; };
		FCEA80F11AD018E500DBA039 /* airport_test.py in Resources */ = {isa = PBXBuildFile; fileRef = FCEA80D61AD018E500DBA039 /* airport_test.py */; };
		FCEA80F21AD018E500DBA039 /* applescript.py in Resources */ = {isa = PBXBuildFile; fileRef = FCEA80D71AD018E500DBA039 /* applescript.py */; };
		FCEA80F31AD018E500DBA039 /* applescript_test.py in Resources */ = {isa = PBXBuildFile; fileRef = FCEA80D81AD018E500DBA039 /* applescript_test.py */; };
		FCEA80F41AD018E500DBA039 /* certs.py in Resources */ = {isa = PBXBuildFile; fileRef = FCEA80D91AD018E500DBA039 /* certs.py */; };
		FCEA80F51AD018E500DBA039 /* certs_test.py in Resources */ = {isa = PBXBuildFile; fileRef = FCEA80DA1AD018E500DBA039 /* certs_test.py */; };
		FCEA80F61AD018E500DBA039 /* cocoadialog.py in Resources */ = {isa = PBXBuildFile; fileRef = FCEA80DB1AD018E500DBA039 /* cocoadialog.py */; };
		FCEA80F71AD018E500DBA039 /* defaults.py in Resources */ = {isa = PBXBuildFile; fileRef = FCEA80DC1AD018E500DBA039 /* defaults.py */; };
		FCEA80F81AD018E500DBA039 /* ds.py in Resources */ = {isa = PBXBuildFile; fileRef = FCEA80DD1AD018E500DBA039 /* ds.py */; };
		FCEA80F91AD018E500DBA039 /* ds_test.py in Resources */ = {isa = PBXBuildFile; fileRef = FCEA80DE1AD018E500DBA039 /* ds_test.py */; };
		FCEA80FA1AD018E500DBA039 /* experiments.py in Resources */ = {isa = PBXBuildFile; fileRef = FCEA80DF1AD018E500DBA039 /* experiments.py */; };
		FCEA80FB1AD018E500DBA039 /* experiments_test.py in Resources */ = {isa = PBXBuildFile; fileRef = FCEA80E01AD018E500DBA039 /* experiments_test.py */; };
		FCEA80FC1AD018E500DBA039 /* getauth.py in Resources */ = {isa = PBXBuildFile; fileRef = FCEA80E11AD018E500DBA039 /* getauth.py */; };
		FCEA80FD1AD018E500DBA039 /* getauth_test.py in Resources */ = {isa = PBXBuildFile; fileRef = FCEA80E21AD018E500DBA039 /* getauth_test.py */; };
		FCEA80FE1AD018E500DBA039 /* gmacpyutil.py in Resources */ = {isa = PBXBuildFile; fileRef = FCEA80E31AD018E500DBA039 /* gmacpyutil.py */; };
		FCEA80FF1AD018E500DBA039 /* gmacpyutil_test.py in Resources */ = {isa = PBXBuildFile; fileRef = FCEA80E41AD018E500DBA039 /* gmacpyutil_test.py */; };
		FCEA81001AD018E500DBA039 /* macdisk.py in Resources */ = {isa = PBXBuildFile; fileRef = FCEA80E51AD018E500DBA039 /* macdisk.py */; };
		FCEA81011AD018E500DBA039 /* macdisk_test.py in Resources */ = {isa = PBXBuildFile; fileRef = FCEA80E61AD018E500DBA039 /* macdisk_test.py */; };
		FCEA81021AD018E500DBA039 /* profiles.py in Resources */ = {isa = PBXBuildFile; fileRef = FCEA80E71AD018E500DBA039 /* profiles.py */; };
		FCEA81031AD018E500DBA039 /* profiles_test.py in Resources */ = {isa = PBXBuildFile; fileRef = FCEA80E81AD018E500DBA039 /* profiles_test.py */; };
		FCEA81041AD018E500DBA039 /* systemconfig.py in Resources */ = {isa = PBXBuildFile; fileRef = FCEA80E91AD018E500DBA039 /* systemconfig.py */; };
		FCEA81051AD018E500DBA039 /* systemconfig_test.py in Resources */ = {isa = PBXBuildFile; fileRef = FCEA80EA1AD018E500DBA039 /* systemconfig_test.py */; };
		FCEA81061AD018E500DBA039 /* timer.py in Resources */ = {isa = PBXBuildFile; fileRef = FCEA80EB1AD018E500DBA039 /* timer.py */; };
		FCEA81071AD018E500DBA039 /* timer_test.py in Resources */ = {isa = PBXBuildFile; fileRef = FCEA80EC1AD018E500DBA039 /* timer_test.py */; };
		FCEA81081AD018E500DBA039 /* wifi_network_order.py in Resources */ = {isa = PBXBuildFile; fileRef = FCEA80ED1AD018E500DBA039 /* wifi_network_order.py */; };
		FCEA81091AD018E500DBA039 /* wifi_network_order_test.py in Resources */ = {isa = PBXBuildFile; fileRef = FCEA80EE1AD018E500DBA039 /* wifi_network_order_test.py */; };
		FCEA810B1AD02C9A00DBA039 /* Utils.py in Resources */ = {isa = PBXBuildFile; fileRef = FCEA810A1AD02C9A00DBA039 /* Utils.py */; };
		FCED84651B0201B20072AC1C /* set_computer_name.sh in Resources */ = {isa = PBXBuildFile; fileRef = FCED84641B0201B20072AC1C /* set_computer_name.sh */; };
		FCEDFD961AF289E900743302 /* imagr_icon.png in Resources */ = {isa = PBXBuildFile; fileRef = FCEDFD951AF289E900743302 /* imagr_icon.png */; };
		FCF6B30F1AD1D73E00311D3A /* Installer.icns in Resources */ = {isa = PBXBuildFile; fileRef = FCF6B30D1AD1D73E00311D3A /* Installer.icns */; };
		FCF6B3101AD1D73E00311D3A /* package.icns in Resources */ = {isa = PBXBuildFile; fileRef = FCF6B30E1AD1D73E00311D3A /* package.icns */; };
/* End PBXBuildFile section */

/* Begin PBXCopyFilesBuildPhase section */
		C0D521AC2111196A00DB296F /* CopyFiles */ = {
			isa = PBXCopyFilesBuildPhase;
			buildActionMask = 2147483647;
			dstPath = "";
			dstSubfolderSpec = 10;
			files = (
				C0D521AD2111198100DB296F /* Python.framework in CopyFiles */,
			);
			runOnlyForDeploymentPostprocessing = 0;
		};
/* End PBXCopyFilesBuildPhase section */

/* Begin PBXFileReference section */
		050D9F811CE5FF1000250591 /* LLBorderlessWindow.h */ = {isa = PBXFileReference; fileEncoding = 4; lastKnownFileType = sourcecode.c.h; path = LLBorderlessWindow.h; sourceTree = "<group>"; };
		050D9F821CE5FF1000250591 /* LLBorderlessWindow.m */ = {isa = PBXFileReference; fileEncoding = 4; lastKnownFileType = sourcecode.c.objc; path = LLBorderlessWindow.m; sourceTree = "<group>"; };
		100FA3EB1D51DC6C000F1C1C /* powermgr.py */ = {isa = PBXFileReference; fileEncoding = 4; lastKnownFileType = text.script.python; path = powermgr.py; sourceTree = "<group>"; };
		10DA31C21D92963A00969112 /* se.gu.it.LoginLog.login.plist */ = {isa = PBXFileReference; fileEncoding = 4; lastKnownFileType = text.plist.xml; path = se.gu.it.LoginLog.login.plist; sourceTree = "<group>"; };
		76FB045C2229F73D00923881 /* reload.png */ = {isa = PBXFileReference; lastKnownFileType = image.png; path = reload.png; sourceTree = "<group>"; };
		C06979C11AE83F3500914535 /* gurl.py */ = {isa = PBXFileReference; fileEncoding = 4; lastKnownFileType = text.script.python; path = gurl.py; sourceTree = "<group>"; };
		C0D0AB181F8C36FC001B1CF3 /* osinstall.py */ = {isa = PBXFileReference; fileEncoding = 4; lastKnownFileType = text.script.python; path = osinstall.py; sourceTree = "<group>"; };
		C0D0AB1C1F8C3D03001B1CF3 /* ptyexec */ = {isa = PBXFileReference; fileEncoding = 4; lastKnownFileType = text.script.python; path = ptyexec; sourceTree = "<group>"; };
		C0D521AA2111184F00DB296F /* Python.framework */ = {isa = PBXFileReference; lastKnownFileType = wrapper.framework; path = Python.framework; sourceTree = "<group>"; };
		FC21F1731C6235DA0039D923 /* localize.sh */ = {isa = PBXFileReference; fileEncoding = 4; lastKnownFileType = text.script.sh; path = localize.sh; sourceTree = "<group>"; };
		FC98DA1F1AD6B2DC00F90405 /* com.grahamgilbert.imagr-first-boot-pkg.plist */ = {isa = PBXFileReference; fileEncoding = 4; lastKnownFileType = text.plist.xml; path = "com.grahamgilbert.imagr-first-boot-pkg.plist"; sourceTree = "<group>"; };
		FC98DA201AD6B2DC00F90405 /* first-boot */ = {isa = PBXFileReference; fileEncoding = 4; lastKnownFileType = text.script.python; path = "first-boot"; sourceTree = "<group>"; };
		FC98DA211AD6B2DC00F90405 /* LoginLog.app */ = {isa = PBXFileReference; lastKnownFileType = wrapper.application; path = LoginLog.app; sourceTree = "<group>"; };
		FC98DA221AD6B2DC00F90405 /* se.gu.it.LoginLog.plist */ = {isa = PBXFileReference; fileEncoding = 4; lastKnownFileType = text.plist.xml; path = se.gu.it.LoginLog.plist; sourceTree = "<group>"; };
		FCEA80AB1AD0101100DBA039 /* Imagr.app */ = {isa = PBXFileReference; explicitFileType = wrapper.application; includeInIndex = 0; path = Imagr.app; sourceTree = BUILT_PRODUCTS_DIR; };
		FCEA80AE1AD0101100DBA039 /* Cocoa.framework */ = {isa = PBXFileReference; lastKnownFileType = wrapper.framework; name = Cocoa.framework; path = System/Library/Frameworks/Cocoa.framework; sourceTree = SDKROOT; };
		FCEA80B11AD0101100DBA039 /* AppKit.framework */ = {isa = PBXFileReference; lastKnownFileType = wrapper.framework; name = AppKit.framework; path = System/Library/Frameworks/AppKit.framework; sourceTree = SDKROOT; };
		FCEA80B21AD0101100DBA039 /* CoreData.framework */ = {isa = PBXFileReference; lastKnownFileType = wrapper.framework; name = CoreData.framework; path = System/Library/Frameworks/CoreData.framework; sourceTree = SDKROOT; };
		FCEA80B31AD0101100DBA039 /* Foundation.framework */ = {isa = PBXFileReference; lastKnownFileType = wrapper.framework; name = Foundation.framework; path = System/Library/Frameworks/Foundation.framework; sourceTree = SDKROOT; };
		FCEA80B61AD0101100DBA039 /* Info.plist */ = {isa = PBXFileReference; lastKnownFileType = text.plist.xml; path = Info.plist; sourceTree = "<group>"; };
		FCEA80B71AD0101100DBA039 /* main.m */ = {isa = PBXFileReference; lastKnownFileType = sourcecode.c.objc; path = main.m; sourceTree = "<group>"; };
		FCEA80BA1AD0101100DBA039 /* en */ = {isa = PBXFileReference; lastKnownFileType = text.rtf; name = en; path = en.lproj/Credits.rtf; sourceTree = "<group>"; };
		FCEA80BF1AD0101100DBA039 /* main.py */ = {isa = PBXFileReference; lastKnownFileType = text.script.python; path = main.py; sourceTree = "<group>"; };
		FCEA80C11AD0101100DBA039 /* AppDelegate.py */ = {isa = PBXFileReference; lastKnownFileType = text.script.python; path = AppDelegate.py; sourceTree = "<group>"; };
		FCEA80C41AD0101100DBA039 /* en */ = {isa = PBXFileReference; lastKnownFileType = file.xib; name = en; path = en.lproj/MainMenu.xib; sourceTree = "<group>"; };
		FCEA80C61AD0101100DBA039 /* Images.xcassets */ = {isa = PBXFileReference; lastKnownFileType = folder.assetcatalog; path = Images.xcassets; sourceTree = "<group>"; };
		FCEA80CD1AD0108B00DBA039 /* NetBootVolume.icns */ = {isa = PBXFileReference; lastKnownFileType = image.icns; path = NetBootVolume.icns; sourceTree = "<group>"; };
		FCEA80CF1AD010D100DBA039 /* MainController.py */ = {isa = PBXFileReference; fileEncoding = 4; lastKnownFileType = text.script.python; path = MainController.py; sourceTree = "<group>"; };
		FCEA80D11AD0110A00DBA039 /* FoundationPlist.py */ = {isa = PBXFileReference; fileEncoding = 4; lastKnownFileType = text.script.python; path = FoundationPlist.py; sourceTree = "<group>"; };
		FCEA80D41AD018E500DBA039 /* __init__.py */ = {isa = PBXFileReference; fileEncoding = 4; lastKnownFileType = text.script.python; path = __init__.py; sourceTree = "<group>"; };
		FCEA80D51AD018E500DBA039 /* airport.py */ = {isa = PBXFileReference; fileEncoding = 4; lastKnownFileType = text.script.python; path = airport.py; sourceTree = "<group>"; };
		FCEA80D61AD018E500DBA039 /* airport_test.py */ = {isa = PBXFileReference; fileEncoding = 4; lastKnownFileType = text.script.python; path = airport_test.py; sourceTree = "<group>"; };
		FCEA80D71AD018E500DBA039 /* applescript.py */ = {isa = PBXFileReference; fileEncoding = 4; lastKnownFileType = text.script.python; path = applescript.py; sourceTree = "<group>"; };
		FCEA80D81AD018E500DBA039 /* applescript_test.py */ = {isa = PBXFileReference; fileEncoding = 4; lastKnownFileType = text.script.python; path = applescript_test.py; sourceTree = "<group>"; };
		FCEA80D91AD018E500DBA039 /* certs.py */ = {isa = PBXFileReference; fileEncoding = 4; lastKnownFileType = text.script.python; path = certs.py; sourceTree = "<group>"; };
		FCEA80DA1AD018E500DBA039 /* certs_test.py */ = {isa = PBXFileReference; fileEncoding = 4; lastKnownFileType = text.script.python; path = certs_test.py; sourceTree = "<group>"; };
		FCEA80DB1AD018E500DBA039 /* cocoadialog.py */ = {isa = PBXFileReference; fileEncoding = 4; lastKnownFileType = text.script.python; path = cocoadialog.py; sourceTree = "<group>"; };
		FCEA80DC1AD018E500DBA039 /* defaults.py */ = {isa = PBXFileReference; fileEncoding = 4; lastKnownFileType = text.script.python; path = defaults.py; sourceTree = "<group>"; };
		FCEA80DD1AD018E500DBA039 /* ds.py */ = {isa = PBXFileReference; fileEncoding = 4; lastKnownFileType = text.script.python; path = ds.py; sourceTree = "<group>"; };
		FCEA80DE1AD018E500DBA039 /* ds_test.py */ = {isa = PBXFileReference; fileEncoding = 4; lastKnownFileType = text.script.python; path = ds_test.py; sourceTree = "<group>"; };
		FCEA80DF1AD018E500DBA039 /* experiments.py */ = {isa = PBXFileReference; fileEncoding = 4; lastKnownFileType = text.script.python; path = experiments.py; sourceTree = "<group>"; };
		FCEA80E01AD018E500DBA039 /* experiments_test.py */ = {isa = PBXFileReference; fileEncoding = 4; lastKnownFileType = text.script.python; path = experiments_test.py; sourceTree = "<group>"; };
		FCEA80E11AD018E500DBA039 /* getauth.py */ = {isa = PBXFileReference; fileEncoding = 4; lastKnownFileType = text.script.python; path = getauth.py; sourceTree = "<group>"; };
		FCEA80E21AD018E500DBA039 /* getauth_test.py */ = {isa = PBXFileReference; fileEncoding = 4; lastKnownFileType = text.script.python; path = getauth_test.py; sourceTree = "<group>"; };
		FCEA80E31AD018E500DBA039 /* gmacpyutil.py */ = {isa = PBXFileReference; fileEncoding = 4; lastKnownFileType = text.script.python; path = gmacpyutil.py; sourceTree = "<group>"; };
		FCEA80E41AD018E500DBA039 /* gmacpyutil_test.py */ = {isa = PBXFileReference; fileEncoding = 4; lastKnownFileType = text.script.python; path = gmacpyutil_test.py; sourceTree = "<group>"; };
		FCEA80E51AD018E500DBA039 /* macdisk.py */ = {isa = PBXFileReference; fileEncoding = 4; lastKnownFileType = text.script.python; path = macdisk.py; sourceTree = "<group>"; };
		FCEA80E61AD018E500DBA039 /* macdisk_test.py */ = {isa = PBXFileReference; fileEncoding = 4; lastKnownFileType = text.script.python; path = macdisk_test.py; sourceTree = "<group>"; };
		FCEA80E71AD018E500DBA039 /* profiles.py */ = {isa = PBXFileReference; fileEncoding = 4; lastKnownFileType = text.script.python; path = profiles.py; sourceTree = "<group>"; };
		FCEA80E81AD018E500DBA039 /* profiles_test.py */ = {isa = PBXFileReference; fileEncoding = 4; lastKnownFileType = text.script.python; path = profiles_test.py; sourceTree = "<group>"; };
		FCEA80E91AD018E500DBA039 /* systemconfig.py */ = {isa = PBXFileReference; fileEncoding = 4; lastKnownFileType = text.script.python; path = systemconfig.py; sourceTree = "<group>"; };
		FCEA80EA1AD018E500DBA039 /* systemconfig_test.py */ = {isa = PBXFileReference; fileEncoding = 4; lastKnownFileType = text.script.python; path = systemconfig_test.py; sourceTree = "<group>"; };
		FCEA80EB1AD018E500DBA039 /* timer.py */ = {isa = PBXFileReference; fileEncoding = 4; lastKnownFileType = text.script.python; path = timer.py; sourceTree = "<group>"; };
		FCEA80EC1AD018E500DBA039 /* timer_test.py */ = {isa = PBXFileReference; fileEncoding = 4; lastKnownFileType = text.script.python; path = timer_test.py; sourceTree = "<group>"; };
		FCEA80ED1AD018E500DBA039 /* wifi_network_order.py */ = {isa = PBXFileReference; fileEncoding = 4; lastKnownFileType = text.script.python; path = wifi_network_order.py; sourceTree = "<group>"; };
		FCEA80EE1AD018E500DBA039 /* wifi_network_order_test.py */ = {isa = PBXFileReference; fileEncoding = 4; lastKnownFileType = text.script.python; path = wifi_network_order_test.py; sourceTree = "<group>"; };
		FCEA810A1AD02C9A00DBA039 /* Utils.py */ = {isa = PBXFileReference; fileEncoding = 4; lastKnownFileType = text.script.python; path = Utils.py; sourceTree = "<group>"; };
		FCED84641B0201B20072AC1C /* set_computer_name.sh */ = {isa = PBXFileReference; fileEncoding = 4; lastKnownFileType = text.script.sh; path = set_computer_name.sh; sourceTree = "<group>"; };
		FCEDFD951AF289E900743302 /* imagr_icon.png */ = {isa = PBXFileReference; lastKnownFileType = image.png; path = imagr_icon.png; sourceTree = "<group>"; };
		FCF6B30D1AD1D73E00311D3A /* Installer.icns */ = {isa = PBXFileReference; lastKnownFileType = image.icns; path = Installer.icns; sourceTree = "<group>"; };
		FCF6B30E1AD1D73E00311D3A /* package.icns */ = {isa = PBXFileReference; lastKnownFileType = image.icns; path = package.icns; sourceTree = "<group>"; };
/* End PBXFileReference section */

/* Begin PBXFrameworksBuildPhase section */
		FCEA80A81AD0101100DBA039 /* Frameworks */ = {
			isa = PBXFrameworksBuildPhase;
			buildActionMask = 2147483647;
			files = (
				FCEA80AF1AD0101100DBA039 /* Cocoa.framework in Frameworks */,
				C0D521AB2111184F00DB296F /* Python.framework in Frameworks */,
			);
			runOnlyForDeploymentPostprocessing = 0;
		};
/* End PBXFrameworksBuildPhase section */

/* Begin PBXGroup section */
		FC98DA1E1AD6B2DC00F90405 /* Resources */ = {
			isa = PBXGroup;
			children = (
				C0D521AA2111184F00DB296F /* Python.framework */,
				C0D0AB1C1F8C3D03001B1CF3 /* ptyexec */,
				FC21F1731C6235DA0039D923 /* localize.sh */,
				FCED84641B0201B20072AC1C /* set_computer_name.sh */,
				FC98DA1F1AD6B2DC00F90405 /* com.grahamgilbert.imagr-first-boot-pkg.plist */,
				10DA31C21D92963A00969112 /* se.gu.it.LoginLog.login.plist */,
				FC98DA201AD6B2DC00F90405 /* first-boot */,
				FC98DA211AD6B2DC00F90405 /* LoginLog.app */,
				FC98DA221AD6B2DC00F90405 /* se.gu.it.LoginLog.plist */,
			);
			path = Resources;
			sourceTree = "<group>";
		};
		FCEA80A21AD0101100DBA039 = {
			isa = PBXGroup;
			children = (
				FCEA80B41AD0101100DBA039 /* Imagr */,
				FCEA80AD1AD0101100DBA039 /* Frameworks */,
				FCEA80AC1AD0101100DBA039 /* Products */,
			);
			sourceTree = "<group>";
		};
		FCEA80AC1AD0101100DBA039 /* Products */ = {
			isa = PBXGroup;
			children = (
				FCEA80AB1AD0101100DBA039 /* Imagr.app */,
			);
			name = Products;
			sourceTree = "<group>";
		};
		FCEA80AD1AD0101100DBA039 /* Frameworks */ = {
			isa = PBXGroup;
			children = (
				FCEA80AE1AD0101100DBA039 /* Cocoa.framework */,
				FCEA80B01AD0101100DBA039 /* Other Frameworks */,
			);
			name = Frameworks;
			sourceTree = "<group>";
		};
		FCEA80B01AD0101100DBA039 /* Other Frameworks */ = {
			isa = PBXGroup;
			children = (
				FCEA80B11AD0101100DBA039 /* AppKit.framework */,
				FCEA80B21AD0101100DBA039 /* CoreData.framework */,
				FCEA80B31AD0101100DBA039 /* Foundation.framework */,
			);
			name = "Other Frameworks";
			sourceTree = "<group>";
		};
		FCEA80B41AD0101100DBA039 /* Imagr */ = {
			isa = PBXGroup;
			children = (
				FCEA80BF1AD0101100DBA039 /* main.py */,
				FCEA80C31AD0101100DBA039 /* MainMenu.xib */,
				FCEA80C11AD0101100DBA039 /* AppDelegate.py */,
				FCEA80CF1AD010D100DBA039 /* MainController.py */,
				FCEA810A1AD02C9A00DBA039 /* Utils.py */,
				100FA3EB1D51DC6C000F1C1C /* powermgr.py */,
				FCEA80C61AD0101100DBA039 /* Images.xcassets */,
				FCEA80B51AD0101100DBA039 /* Supporting Files */,
			);
			path = Imagr;
			sourceTree = "<group>";
		};
		FCEA80B51AD0101100DBA039 /* Supporting Files */ = {
			isa = PBXGroup;
			children = (
				76FB045C2229F73D00923881 /* reload.png */,
				050D9F811CE5FF1000250591 /* LLBorderlessWindow.h */,
				050D9F821CE5FF1000250591 /* LLBorderlessWindow.m */,
				FCEDFD951AF289E900743302 /* imagr_icon.png */,
				C06979C11AE83F3500914535 /* gurl.py */,
				FC98DA1E1AD6B2DC00F90405 /* Resources */,
				FCF6B30D1AD1D73E00311D3A /* Installer.icns */,
				FCF6B30E1AD1D73E00311D3A /* package.icns */,
				FCEA80D31AD018E500DBA039 /* gmacpyutil */,
				FCEA80D11AD0110A00DBA039 /* FoundationPlist.py */,
				FCEA80CD1AD0108B00DBA039 /* NetBootVolume.icns */,
				FCEA80B61AD0101100DBA039 /* Info.plist */,
				FCEA80B71AD0101100DBA039 /* main.m */,
				FCEA80B91AD0101100DBA039 /* Credits.rtf */,
				C0D0AB181F8C36FC001B1CF3 /* osinstall.py */,
			);
			name = "Supporting Files";
			sourceTree = "<group>";
		};
		FCEA80D31AD018E500DBA039 /* gmacpyutil */ = {
			isa = PBXGroup;
			children = (
				FCEA80D41AD018E500DBA039 /* __init__.py */,
				FCEA80D51AD018E500DBA039 /* airport.py */,
				FCEA80D61AD018E500DBA039 /* airport_test.py */,
				FCEA80D71AD018E500DBA039 /* applescript.py */,
				FCEA80D81AD018E500DBA039 /* applescript_test.py */,
				FCEA80D91AD018E500DBA039 /* certs.py */,
				FCEA80DA1AD018E500DBA039 /* certs_test.py */,
				FCEA80DB1AD018E500DBA039 /* cocoadialog.py */,
				FCEA80DC1AD018E500DBA039 /* defaults.py */,
				FCEA80DD1AD018E500DBA039 /* ds.py */,
				FCEA80DE1AD018E500DBA039 /* ds_test.py */,
				FCEA80DF1AD018E500DBA039 /* experiments.py */,
				FCEA80E01AD018E500DBA039 /* experiments_test.py */,
				FCEA80E11AD018E500DBA039 /* getauth.py */,
				FCEA80E21AD018E500DBA039 /* getauth_test.py */,
				FCEA80E31AD018E500DBA039 /* gmacpyutil.py */,
				FCEA80E41AD018E500DBA039 /* gmacpyutil_test.py */,
				FCEA80E51AD018E500DBA039 /* macdisk.py */,
				FCEA80E61AD018E500DBA039 /* macdisk_test.py */,
				FCEA80E71AD018E500DBA039 /* profiles.py */,
				FCEA80E81AD018E500DBA039 /* profiles_test.py */,
				FCEA80E91AD018E500DBA039 /* systemconfig.py */,
				FCEA80EA1AD018E500DBA039 /* systemconfig_test.py */,
				FCEA80EB1AD018E500DBA039 /* timer.py */,
				FCEA80EC1AD018E500DBA039 /* timer_test.py */,
				FCEA80ED1AD018E500DBA039 /* wifi_network_order.py */,
				FCEA80EE1AD018E500DBA039 /* wifi_network_order_test.py */,
			);
			path = gmacpyutil;
			sourceTree = "<group>";
		};
/* End PBXGroup section */

/* Begin PBXNativeTarget section */
		FCEA80AA1AD0101100DBA039 /* Imagr */ = {
			isa = PBXNativeTarget;
			buildConfigurationList = FCEA80CA1AD0101100DBA039 /* Build configuration list for PBXNativeTarget "Imagr" */;
			buildPhases = (
				769CB472222F00EF00CB1D48 /* Update Build Number */,
				FCEA80A71AD0101100DBA039 /* Sources */,
				FCEA80A81AD0101100DBA039 /* Frameworks */,
				FCEA80A91AD0101100DBA039 /* Resources */,
				E665E9221AE887C5001C07F4 /* ShellScript */,
				C0D521AC2111196A00DB296F /* CopyFiles */,
			);
			buildRules = (
			);
			dependencies = (
			);
			name = Imagr;
			productName = Imagr;
			productReference = FCEA80AB1AD0101100DBA039 /* Imagr.app */;
			productType = "com.apple.product-type.application";
		};
/* End PBXNativeTarget section */

/* Begin PBXProject section */
		FCEA80A31AD0101100DBA039 /* Project object */ = {
			isa = PBXProject;
			attributes = {
				LastUpgradeCheck = 0800;
				ORGANIZATIONNAME = "Graham Gilbert";
				TargetAttributes = {
					FCEA80AA1AD0101100DBA039 = {
						CreatedOnToolsVersion = 6.2;
						DevelopmentTeam = 9D8XP85393;
					};
				};
			};
			buildConfigurationList = FCEA80A61AD0101100DBA039 /* Build configuration list for PBXProject "Imagr" */;
			compatibilityVersion = "Xcode 3.2";
			developmentRegion = English;
			hasScannedForEncodings = 0;
			knownRegions = (
				English,
				en,
			);
			mainGroup = FCEA80A21AD0101100DBA039;
			productRefGroup = FCEA80AC1AD0101100DBA039 /* Products */;
			projectDirPath = "";
			projectRoot = "";
			targets = (
				FCEA80AA1AD0101100DBA039 /* Imagr */,
			);
		};
/* End PBXProject section */

/* Begin PBXResourcesBuildPhase section */
		FCEA80A91AD0101100DBA039 /* Resources */ = {
			isa = PBXResourcesBuildPhase;
			buildActionMask = 2147483647;
			files = (
				FCED84651B0201B20072AC1C /* set_computer_name.sh in Resources */,
				C06979C21AE83F3500914535 /* gurl.py in Resources */,
				FCEA81061AD018E500DBA039 /* timer.py in Resources */,
				FC98DA251AD6B2DC00F90405 /* LoginLog.app in Resources */,
				FCEA80F51AD018E500DBA039 /* certs_test.py in Resources */,
				FCEA80FA1AD018E500DBA039 /* experiments.py in Resources */,
				FCEA80CE1AD0108B00DBA039 /* NetBootVolume.icns in Resources */,
				FCEA80BB1AD0101100DBA039 /* Credits.rtf in Resources */,
				FCEA81031AD018E500DBA039 /* profiles_test.py in Resources */,
				FCEA80F41AD018E500DBA039 /* certs.py in Resources */,
				FCEA81071AD018E500DBA039 /* timer_test.py in Resources */,
				FCEA80FF1AD018E500DBA039 /* gmacpyutil_test.py in Resources */,
				FCEA81011AD018E500DBA039 /* macdisk_test.py in Resources */,
				FCEA81091AD018E500DBA039 /* wifi_network_order_test.py in Resources */,
				FCEA80C71AD0101100DBA039 /* Images.xcassets in Resources */,
				FC98DA231AD6B2DC00F90405 /* com.grahamgilbert.imagr-first-boot-pkg.plist in Resources */,
				76FB045D2229F73D00923881 /* reload.png in Resources */,
				FCEA80F31AD018E500DBA039 /* applescript_test.py in Resources */,
				FCEA80FB1AD018E500DBA039 /* experiments_test.py in Resources */,
				FCEA81051AD018E500DBA039 /* systemconfig_test.py in Resources */,
				FCEA80D01AD010D100DBA039 /* MainController.py in Resources */,
				FCEA80EF1AD018E500DBA039 /* __init__.py in Resources */,
				FC98DA261AD6B2DC00F90405 /* se.gu.it.LoginLog.plist in Resources */,
				FCEA80D21AD0110A00DBA039 /* FoundationPlist.py in Resources */,
				FCEA81081AD018E500DBA039 /* wifi_network_order.py in Resources */,
				FCEA80C21AD0101100DBA039 /* AppDelegate.py in Resources */,
				FCEA81021AD018E500DBA039 /* profiles.py in Resources */,
				FCEDFD961AF289E900743302 /* imagr_icon.png in Resources */,
				FCEA80F61AD018E500DBA039 /* cocoadialog.py in Resources */,
				FCEA81041AD018E500DBA039 /* systemconfig.py in Resources */,
				C0D0AB191F8C36FC001B1CF3 /* osinstall.py in Resources */,
				FCEA80C01AD0101100DBA039 /* main.py in Resources */,
				FCEA81001AD018E500DBA039 /* macdisk.py in Resources */,
				FCF6B30F1AD1D73E00311D3A /* Installer.icns in Resources */,
				FC98DA241AD6B2DC00F90405 /* first-boot in Resources */,
				FCEA80FD1AD018E500DBA039 /* getauth_test.py in Resources */,
				FCEA80F21AD018E500DBA039 /* applescript.py in Resources */,
				FCEA80F11AD018E500DBA039 /* airport_test.py in Resources */,
				10DA31C31D92963A00969112 /* se.gu.it.LoginLog.login.plist in Resources */,
				FCEA80F01AD018E500DBA039 /* airport.py in Resources */,
				FCEA80F81AD018E500DBA039 /* ds.py in Resources */,
				FCEA80FE1AD018E500DBA039 /* gmacpyutil.py in Resources */,
				FC21F1741C6235DA0039D923 /* localize.sh in Resources */,
				FCEA80C51AD0101100DBA039 /* MainMenu.xib in Resources */,
				FCEA810B1AD02C9A00DBA039 /* Utils.py in Resources */,
				FCEA80F71AD018E500DBA039 /* defaults.py in Resources */,
				C0D0AB1D1F8C3D03001B1CF3 /* ptyexec in Resources */,
				FCEA80F91AD018E500DBA039 /* ds_test.py in Resources */,
				100FA3EC1D51DC6C000F1C1C /* powermgr.py in Resources */,
				FCEA80FC1AD018E500DBA039 /* getauth.py in Resources */,
				FCF6B3101AD1D73E00311D3A /* package.icns in Resources */,
			);
			runOnlyForDeploymentPostprocessing = 0;
		};
/* End PBXResourcesBuildPhase section */

/* Begin PBXShellScriptBuildPhase section */
		769CB472222F00EF00CB1D48 /* Update Build Number */ = {
			isa = PBXShellScriptBuildPhase;
			buildActionMask = 12;
			files = (
			);
			inputFileListPaths = (
			);
			inputPaths = (
			);
			name = "Update Build Number";
			outputFileListPaths = (
			);
			outputPaths = (
			);
			runOnlyForDeploymentPostprocessing = 0;
			shellPath = "/bin/sh -x";
			shellScript = "buildNumber=$(/usr/libexec/PlistBuddy -c \"Print CFBundleVersion\" \"${PRODUCT_SETTINGS_PATH}\")\nbuildNumber=$(($buildNumber + 1))\n/usr/libexec/PlistBuddy -c \"Set :CFBundleVersion $buildNumber\" \"${PRODUCT_SETTINGS_PATH}\"\n\n";
		};
		E665E9221AE887C5001C07F4 /* ShellScript */ = {
			isa = PBXShellScriptBuildPhase;
			buildActionMask = 2147483647;
			files = (
			);
			inputPaths = (
			);
			outputPaths = (
			);
			runOnlyForDeploymentPostprocessing = 0;
			shellPath = /bin/sh;
			shellScript = "# based on http://tgoode.com/2014/06/05/sensible-way-increment-bundle-version-cfbundleversion-xcode\nif git rev-parse --is-inside-work-tree 2> /dev/null > /dev/null; then\n    echo \"Setting CFBundleVersion to Git rev-list --count\"\n    build_number=$(git rev-list HEAD --count)\n    /usr/libexec/PlistBuddy -c \"Set :CFBundleVersion $build_number\" \"${TARGET_BUILD_DIR}/${INFOPLIST_PATH}\"\nelse\n    echo \"Not in a Git repo, not setting CFBundleVersion\"\nfi\n\n";
		};
/* End PBXShellScriptBuildPhase section */

/* Begin PBXSourcesBuildPhase section */
		FCEA80A71AD0101100DBA039 /* Sources */ = {
			isa = PBXSourcesBuildPhase;
			buildActionMask = 2147483647;
			files = (
				050D9F831CE5FF1000250591 /* LLBorderlessWindow.m in Sources */,
				FCEA80B81AD0101100DBA039 /* main.m in Sources */,
			);
			runOnlyForDeploymentPostprocessing = 0;
		};
/* End PBXSourcesBuildPhase section */

/* Begin PBXVariantGroup section */
		FCEA80B91AD0101100DBA039 /* Credits.rtf */ = {
			isa = PBXVariantGroup;
			children = (
				FCEA80BA1AD0101100DBA039 /* en */,
			);
			name = Credits.rtf;
			sourceTree = "<group>";
		};
		FCEA80C31AD0101100DBA039 /* MainMenu.xib */ = {
			isa = PBXVariantGroup;
			children = (
				FCEA80C41AD0101100DBA039 /* en */,
			);
			name = MainMenu.xib;
			sourceTree = "<group>";
		};
/* End PBXVariantGroup section */

/* Begin XCBuildConfiguration section */
		FCEA80C81AD0101100DBA039 /* Debug */ = {
			isa = XCBuildConfiguration;
			buildSettings = {
				ALWAYS_SEARCH_USER_PATHS = NO;
				CLANG_CXX_LANGUAGE_STANDARD = "gnu++0x";
				CLANG_CXX_LIBRARY = "libc++";
				CLANG_ENABLE_MODULES = YES;
				CLANG_ENABLE_OBJC_ARC = YES;
				CLANG_WARN_BOOL_CONVERSION = YES;
				CLANG_WARN_CONSTANT_CONVERSION = YES;
				CLANG_WARN_DIRECT_OBJC_ISA_USAGE = YES_ERROR;
				CLANG_WARN_EMPTY_BODY = YES;
				CLANG_WARN_ENUM_CONVERSION = YES;
				CLANG_WARN_INFINITE_RECURSION = YES;
				CLANG_WARN_INT_CONVERSION = YES;
				CLANG_WARN_OBJC_ROOT_CLASS = YES_ERROR;
				CLANG_WARN_SUSPICIOUS_MOVE = YES;
				CLANG_WARN_UNREACHABLE_CODE = YES;
				CLANG_WARN__DUPLICATE_METHOD_MATCH = YES;
				CODE_SIGN_IDENTITY = "";
				COPY_PHASE_STRIP = NO;
				ENABLE_STRICT_OBJC_MSGSEND = YES;
				ENABLE_TESTABILITY = YES;
				GCC_C_LANGUAGE_STANDARD = gnu99;
				GCC_DYNAMIC_NO_PIC = NO;
				GCC_NO_COMMON_BLOCKS = YES;
				GCC_OPTIMIZATION_LEVEL = 0;
				GCC_PREPROCESSOR_DEFINITIONS = (
					"DEBUG=1",
					"$(inherited)",
				);
				GCC_SYMBOLS_PRIVATE_EXTERN = NO;
				GCC_WARN_64_TO_32_BIT_CONVERSION = YES;
				GCC_WARN_ABOUT_RETURN_TYPE = YES_ERROR;
				GCC_WARN_UNDECLARED_SELECTOR = YES;
				GCC_WARN_UNINITIALIZED_AUTOS = YES_AGGRESSIVE;
				GCC_WARN_UNUSED_FUNCTION = YES;
				GCC_WARN_UNUSED_VARIABLE = YES;
				HEADER_SEARCH_PATHS = (
					"$(inherited)",
					/System/Library/Frameworks/Python.framework/Versions/2.7/include/python2.7,
				);
				LIBRARY_SEARCH_PATHS = (
					"$(inherited)",
					"$(SYSTEM_LIBRARY_DIR)/Frameworks/Python.framework/Versions/2.7/lib/python2.7/config",
				);
				MACOSX_DEPLOYMENT_TARGET = 10.10;
				MTL_ENABLE_DEBUG_INFO = YES;
				ONLY_ACTIVE_ARCH = YES;
				SDKROOT = macosx;
			};
			name = Debug;
		};
		FCEA80C91AD0101100DBA039 /* Release */ = {
			isa = XCBuildConfiguration;
			buildSettings = {
				ALWAYS_SEARCH_USER_PATHS = NO;
				CLANG_CXX_LANGUAGE_STANDARD = "gnu++0x";
				CLANG_CXX_LIBRARY = "libc++";
				CLANG_ENABLE_MODULES = YES;
				CLANG_ENABLE_OBJC_ARC = YES;
				CLANG_WARN_BOOL_CONVERSION = YES;
				CLANG_WARN_CONSTANT_CONVERSION = YES;
				CLANG_WARN_DIRECT_OBJC_ISA_USAGE = YES_ERROR;
				CLANG_WARN_EMPTY_BODY = YES;
				CLANG_WARN_ENUM_CONVERSION = YES;
				CLANG_WARN_INFINITE_RECURSION = YES;
				CLANG_WARN_INT_CONVERSION = YES;
				CLANG_WARN_OBJC_ROOT_CLASS = YES_ERROR;
				CLANG_WARN_SUSPICIOUS_MOVE = YES;
				CLANG_WARN_UNREACHABLE_CODE = YES;
				CLANG_WARN__DUPLICATE_METHOD_MATCH = YES;
				CODE_SIGN_IDENTITY = "";
				COPY_PHASE_STRIP = NO;
				DEBUG_INFORMATION_FORMAT = "dwarf-with-dsym";
				ENABLE_NS_ASSERTIONS = NO;
				ENABLE_STRICT_OBJC_MSGSEND = YES;
				GCC_C_LANGUAGE_STANDARD = gnu99;
				GCC_NO_COMMON_BLOCKS = YES;
				GCC_WARN_64_TO_32_BIT_CONVERSION = YES;
				GCC_WARN_ABOUT_RETURN_TYPE = YES_ERROR;
				GCC_WARN_UNDECLARED_SELECTOR = YES;
				GCC_WARN_UNINITIALIZED_AUTOS = YES_AGGRESSIVE;
				GCC_WARN_UNUSED_FUNCTION = YES;
				GCC_WARN_UNUSED_VARIABLE = YES;
				HEADER_SEARCH_PATHS = (
					"$(inherited)",
					/System/Library/Frameworks/Python.framework/Versions/2.7/include/python2.7,
				);
				LIBRARY_SEARCH_PATHS = (
					"$(inherited)",
					"$(SYSTEM_LIBRARY_DIR)/Frameworks/Python.framework/Versions/2.7/lib/python2.7/config",
				);
				MACOSX_DEPLOYMENT_TARGET = 10.10;
				MTL_ENABLE_DEBUG_INFO = NO;
				SDKROOT = macosx;
			};
			name = Release;
		};
		FCEA80CB1AD0101100DBA039 /* Debug */ = {
			isa = XCBuildConfiguration;
			buildSettings = {
				ASSETCATALOG_COMPILER_APPICON_NAME = AppIcon;
				CODE_SIGN_IDENTITY = "";
				COMBINE_HIDPI_IMAGES = YES;
				CURRENT_PROJECT_VERSION = 3899;
				FRAMEWORK_SEARCH_PATHS = (
					"$(inherited)",
					"$(PROJECT_DIR)/Imagr/Resources",
				);
				INFOPLIST_FILE = Imagr/Info.plist;
				LD_RUNPATH_SEARCH_PATHS = "$(inherited) @executable_path/../Frameworks";
				LIBRARY_SEARCH_PATHS = (
					"$(inherited)",
					"$(SYSTEM_LIBRARY_DIR)/Frameworks/Python.framework/Versions/2.7/lib/python2.7/config",
				);
				MACOSX_DEPLOYMENT_TARGET = 10.10;
				MARKETING_VERSION = 1.6.1;
				PRODUCT_BUNDLE_IDENTIFIER = "com.grahamgilbert.$(PRODUCT_NAME:rfc1034identifier)";
				PRODUCT_NAME = "$(TARGET_NAME)";
			};
			name = Debug;
		};
		FCEA80CC1AD0101100DBA039 /* Release */ = {
			isa = XCBuildConfiguration;
			buildSettings = {
				ASSETCATALOG_COMPILER_APPICON_NAME = AppIcon;
				CODE_SIGN_IDENTITY = "";
				COMBINE_HIDPI_IMAGES = YES;
				CURRENT_PROJECT_VERSION = 3899;
				FRAMEWORK_SEARCH_PATHS = (
					"$(inherited)",
					"$(PROJECT_DIR)/Imagr/Resources",
				);
				INFOPLIST_FILE = Imagr/Info.plist;
				LD_RUNPATH_SEARCH_PATHS = "$(inherited) @executable_path/../Frameworks";
				LIBRARY_SEARCH_PATHS = (
					"$(inherited)",
					"$(SYSTEM_LIBRARY_DIR)/Frameworks/Python.framework/Versions/2.7/lib/python2.7/config",
				);
				MACOSX_DEPLOYMENT_TARGET = 10.10;
				MARKETING_VERSION = 1.6.1;
				PRODUCT_BUNDLE_IDENTIFIER = "com.grahamgilbert.$(PRODUCT_NAME:rfc1034identifier)";
				PRODUCT_NAME = "$(TARGET_NAME)";
			};
			name = Release;
		};
/* End XCBuildConfiguration section */

/* Begin XCConfigurationList section */
		FCEA80A61AD0101100DBA039 /* Build configuration list for PBXProject "Imagr" */ = {
			isa = XCConfigurationList;
			buildConfigurations = (
				FCEA80C81AD0101100DBA039 /* Debug */,
				FCEA80C91AD0101100DBA039 /* Release */,
			);
			defaultConfigurationIsVisible = 0;
			defaultConfigurationName = Release;
		};
		FCEA80CA1AD0101100DBA039 /* Build configuration list for PBXNativeTarget "Imagr" */ = {
			isa = XCConfigurationList;
			buildConfigurations = (
				FCEA80CB1AD0101100DBA039 /* Debug */,
				FCEA80CC1AD0101100DBA039 /* Release */,
			);
			defaultConfigurationIsVisible = 0;
			defaultConfigurationName = Release;
		};
/* End XCConfigurationList section */
	};
	rootObject = FCEA80A31AD0101100DBA039 /* Project object */;
}
